
Microsoft Visual Studio Solution File, Format Version 12.00
# Visual Studio 15
VisualStudioVersion = 15.0.28010.2016
MinimumVisualStudioVersion = 10.0.40219.1
Project("{F184B08F-C81C-45F6-A57F-5ABD9991F28F}") = "MyCalculatorApp", "MyCalculatorApp\MyCalculatorApp.vbproj", "{FB65776A-B90C-48DC-8541-DBFA8A04459F}"
EndProject
Global
	GlobalSection(SolutionConfigurationPlatforms) = preSolution
		Debug|Any CPU = Debug|Any CPU
		Release|Any CPU = Release|Any CPU
	EndGlobalSection
	GlobalSection(ProjectConfigurationPlatforms) = postSolution
		{FB65776A-B90C-48DC-8541-DBFA8A04459F}.Debug|Any CPU.ActiveCfg = Debug|Any CPU
		{FB65776A-B90C-48DC-8541-DBFA8A04459F}.Debug|Any CPU.Build.0 = Debug|Any CPU
		{FB65776A-B90C-48DC-8541-DBFA8A04459F}.Release|Any CPU.ActiveCfg = Release|Any CPU
		{FB65776A-B90C-48DC-8541-DBFA8A04459F}.Release|Any CPU.Build.0 = Release|Any CPU
	EndGlobalSection
	GlobalSection(SolutionProperties) = preSolution
		HideSolutionNode = FALSE
	EndGlobalSection
	GlobalSection(ExtensibilityGlobals) = postSolution
		SolutionGuid = {9A469662-A2B2-4B06-9344-42FCE35CB0A6}
	EndGlobalSection
EndGlobal
